// !$*UTF8*$!
{
	archiveVersion = 1;
	classes = {
	};
	objectVersion = 46;
	objects = {

/* Begin PBXBuildFile section */
		F24262A31B69AB2A004090FB /* main.m in Sources */ = {isa = PBXBuildFile; fileRef = F24262A21B69AB2A004090FB /* main.m */; };
		F24262A61B69AB2A004090FB /* AppDelegate.m in Sources */ = {isa = PBXBuildFile; fileRef = F24262A51B69AB2A004090FB /* AppDelegate.m */; };
		F24262A91B69AB2A004090FB /* ViewController.m in Sources */ = {isa = PBXBuildFile; fileRef = F24262A81B69AB2A004090FB /* ViewController.m */; };
		F24262AC1B69AB2A004090FB /* Main.storyboard in Resources */ = {isa = PBXBuildFile; fileRef = F24262AA1B69AB2A004090FB /* Main.storyboard */; };
		F24262AE1B69AB2A004090FB /* Images.xcassets in Resources */ = {isa = PBXBuildFile; fileRef = F24262AD1B69AB2A004090FB /* Images.xcassets */; };
		F24262B11B69AB2A004090FB /* LaunchScreen.xib in Resources */ = {isa = PBXBuildFile; fileRef = F24262AF1B69AB2A004090FB /* LaunchScreen.xib */; };
		F24262BD1B69AB2A004090FB /* ____Tests.m in Sources */ = {isa = PBXBuildFile; fileRef = F24262BC1B69AB2A004090FB /* ____Tests.m */; };
		F24262CB1B69AB86004090FB /* MyView.m in Sources */ = {isa = PBXBuildFile; fileRef = F24262CA1B69AB86004090FB /* MyView.m */; };
		F24262CF1B69BCC8004090FB /* Dot.m in Sources */ = {isa = PBXBuildFile; fileRef = F24262CE1B69BCC8004090FB /* Dot.m */; };
		F24262D31B69BD47004090FB /* DrawView.m in Sources */ = {isa = PBXBuildFile; fileRef = F24262D21B69BD47004090FB /* DrawView.m */; };
		F24263041B69F302004090FB /* TestView.m in Sources */ = {isa = PBXBuildFile; fileRef = F24263031B69F302004090FB /* TestView.m */; };
		F24263121B6A0312004090FB /* Pen.m in Sources */ = {isa = PBXBuildFile; fileRef = F24263111B6A0312004090FB /* Pen.m */; };
		F246AA0C1B6B9DE90079EB32 /* NSArray+sortArray.m in Sources */ = {isa = PBXBuildFile; fileRef = F246AA0B1B6B9DE90079EB32 /* NSArray+sortArray.m */; };
		F246AA101B6BA6EC0079EB32 /* AppIcon.png in Resources */ = {isa = PBXBuildFile; fileRef = F246AA0F1B6BA6EC0079EB32 /* AppIcon.png */; };
/* End PBXBuildFile section */

/* Begin PBXContainerItemProxy section */
		F24262B71B69AB2A004090FB /* PBXContainerItemProxy */ = {
			isa = PBXContainerItemProxy;
			containerPortal = F24262951B69AB2A004090FB /* Project object */;
			proxyType = 1;
			remoteGlobalIDString = F242629C1B69AB2A004090FB;
			remoteInfo = "图形绘制";
		};
/* End PBXContainerItemProxy section */

/* Begin PBXFileReference section */
		F242629D1B69AB2A004090FB /* 图形绘制.app */ = {isa = PBXFileReference; explicitFileType = wrapper.application; includeInIndex = 0; path = "图形绘制.app"; sourceTree = BUILT_PRODUCTS_DIR; };
		F24262A11B69AB2A004090FB /* Info.plist */ = {isa = PBXFileReference; lastKnownFileType = text.plist.xml; path = Info.plist; sourceTree = "<group>"; };
		F24262A21B69AB2A004090FB /* main.m */ = {isa = PBXFileReference; lastKnownFileType = sourcecode.c.objc; path = main.m; sourceTree = "<group>"; };
		F24262A41B69AB2A004090FB /* AppDelegate.h */ = {isa = PBXFileReference; lastKnownFileType = sourcecode.c.h; path = AppDelegate.h; sourceTree = "<group>"; };
		F24262A51B69AB2A004090FB /* AppDelegate.m */ = {isa = PBXFileReference; lastKnownFileType = sourcecode.c.objc; path = AppDelegate.m; sourceTree = "<group>"; };
		F24262A71B69AB2A004090FB /* ViewController.h */ = {isa = PBXFileReference; lastKnownFileType = sourcecode.c.h; path = ViewController.h; sourceTree = "<group>"; };
		F24262A81B69AB2A004090FB /* ViewController.m */ = {isa = PBXFileReference; lastKnownFileType = sourcecode.c.objc; path = ViewController.m; sourceTree = "<group>"; };
		F24262AB1B69AB2A004090FB /* Base */ = {isa = PBXFileReference; lastKnownFileType = file.storyboard; name = Base; path = Base.lproj/Main.storyboard; sourceTree = "<group>"; };
		F24262AD1B69AB2A004090FB /* Images.xcassets */ = {isa = PBXFileReference; lastKnownFileType = folder.assetcatalog; path = Images.xcassets; sourceTree = "<group>"; };
		F24262B01B69AB2A004090FB /* Base */ = {isa = PBXFileReference; lastKnownFileType = file.xib; name = Base; path = Base.lproj/LaunchScreen.xib; sourceTree = "<group>"; };
		F24262B61B69AB2A004090FB /* 图形绘制Tests.xctest */ = {isa = PBXFileReference; explicitFileType = wrapper.cfbundle; includeInIndex = 0; path = "图形绘制Tests.xctest"; sourceTree = BUILT_PRODUCTS_DIR; };
		F24262BB1B69AB2A004090FB /* Info.plist */ = {isa = PBXFileReference; lastKnownFileType = text.plist.xml; path = Info.plist; sourceTree = "<group>"; };
		F24262BC1B69AB2A004090FB /* ____Tests.m */ = {isa = PBXFileReference; lastKnownFileType = sourcecode.c.objc; path = "____Tests.m"; sourceTree = "<group>"; };
		F24262C91B69AB86004090FB /* MyView.h */ = {isa = PBXFileReference; fileEncoding = 4; lastKnownFileType = sourcecode.c.h; path = MyView.h; sourceTree = "<group>"; };
		F24262CA1B69AB86004090FB /* MyView.m */ = {isa = PBXFileReference; fileEncoding = 4; lastKnownFileType = sourcecode.c.objc; path = MyView.m; sourceTree = "<group>"; };
		F24262CD1B69BCC8004090FB /* Dot.h */ = {isa = PBXFileReference; fileEncoding = 4; lastKnownFileType = sourcecode.c.h; path = Dot.h; sourceTree = "<group>"; };
		F24262CE1B69BCC8004090FB /* Dot.m */ = {isa = PBXFileReference; fileEncoding = 4; lastKnownFileType = sourcecode.c.objc; path = Dot.m; sourceTree = "<group>"; };
		F24262D11B69BD47004090FB /* DrawView.h */ = {isa = PBXFileReference; fileEncoding = 4; lastKnownFileType = sourcecode.c.h; path = DrawView.h; sourceTree = "<group>"; };
		F24262D21B69BD47004090FB /* DrawView.m */ = {isa = PBXFileReference; fileEncoding = 4; lastKnownFileType = sourcecode.c.objc; path = DrawView.m; sourceTree = "<group>"; };
		F24263021B69F302004090FB /* TestView.h */ = {isa = PBXFileReference; fileEncoding = 4; lastKnownFileType = sourcecode.c.h; path = TestView.h; sourceTree = "<group>"; };
		F24263031B69F302004090FB /* TestView.m */ = {isa = PBXFileReference; fileEncoding = 4; lastKnownFileType = sourcecode.c.objc; path = TestView.m; sourceTree = "<group>"; };
		F24263101B6A0312004090FB /* Pen.h */ = {isa = PBXFileReference; fileEncoding = 4; lastKnownFileType = sourcecode.c.h; path = Pen.h; sourceTree = "<group>"; };
		F24263111B6A0312004090FB /* Pen.m */ = {isa = PBXFileReference; fileEncoding = 4; lastKnownFileType = sourcecode.c.objc; path = Pen.m; sourceTree = "<group>"; };
		F246AA0A1B6B9DE90079EB32 /* NSArray+sortArray.h */ = {isa = PBXFileReference; fileEncoding = 4; lastKnownFileType = sourcecode.c.h; path = "NSArray+sortArray.h"; sourceTree = "<group>"; };
		F246AA0B1B6B9DE90079EB32 /* NSArray+sortArray.m */ = {isa = PBXFileReference; fileEncoding = 4; lastKnownFileType = sourcecode.c.objc; path = "NSArray+sortArray.m"; sourceTree = "<group>"; };
		F246AA0F1B6BA6EC0079EB32 /* AppIcon.png */ = {isa = PBXFileReference; lastKnownFileType = image.png; path = AppIcon.png; sourceTree = "<group>"; };
/* End PBXFileReference section */

/* Begin PBXFrameworksBuildPhase section */
		F242629A1B69AB2A004090FB /* Frameworks */ = {
			isa = PBXFrameworksBuildPhase;
			buildActionMask = 2147483647;
			files = (
			);
			runOnlyForDeploymentPostprocessing = 0;
		};
		F24262B31B69AB2A004090FB /* Frameworks */ = {
			isa = PBXFrameworksBuildPhase;
			buildActionMask = 2147483647;
			files = (
			);
			runOnlyForDeploymentPostprocessing = 0;
		};
/* End PBXFrameworksBuildPhase section */

/* Begin PBXGroup section */
		F24262941B69AB2A004090FB = {
			isa = PBXGroup;
			children = (
				F246AA091B6B9DC20079EB32 /* NSArraySort */,
				F24263051B69F824004090FB /* Pen */,
				F24263011B69F2E8004090FB /* Test */,
				F24262D01B69BD2E004090FB /* DrawView */,
				F24262CC1B69BC8E004090FB /* Dot */,
				F242629F1B69AB2A004090FB /* 图形绘制 */,
				F24262B91B69AB2A004090FB /* 图形绘制Tests */,
				F242629E1B69AB2A004090FB /* Products */,
				F246AA0F1B6BA6EC0079EB32 /* AppIcon.png */,
			);
			sourceTree = "<group>";
		};
		F242629E1B69AB2A004090FB /* Products */ = {
			isa = PBXGroup;
			children = (
				F242629D1B69AB2A004090FB /* 图形绘制.app */,
				F24262B61B69AB2A004090FB /* 图形绘制Tests.xctest */,
			);
			name = Products;
			sourceTree = "<group>";
		};
		F242629F1B69AB2A004090FB /* 图形绘制 */ = {
			isa = PBXGroup;
			children = (
				F24262A41B69AB2A004090FB /* AppDelegate.h */,
				F24262A51B69AB2A004090FB /* AppDelegate.m */,
				F24262A71B69AB2A004090FB /* ViewController.h */,
				F24262A81B69AB2A004090FB /* ViewController.m */,
				F24262AA1B69AB2A004090FB /* Main.storyboard */,
				F24262AD1B69AB2A004090FB /* Images.xcassets */,
				F24262AF1B69AB2A004090FB /* LaunchScreen.xib */,
				F24262A01B69AB2A004090FB /* Supporting Files */,
			);
			path = "图形绘制";
			sourceTree = "<group>";
		};
		F24262A01B69AB2A004090FB /* Supporting Files */ = {
			isa = PBXGroup;
			children = (
				F24262A11B69AB2A004090FB /* Info.plist */,
				F24262A21B69AB2A004090FB /* main.m */,
				F24262C91B69AB86004090FB /* MyView.h */,
				F24262CA1B69AB86004090FB /* MyView.m */,
			);
			name = "Supporting Files";
			sourceTree = "<group>";
		};
		F24262B91B69AB2A004090FB /* 图形绘制Tests */ = {
			isa = PBXGroup;
			children = (
				F24262BC1B69AB2A004090FB /* ____Tests.m */,
				F24262BA1B69AB2A004090FB /* Supporting Files */,
			);
			path = "图形绘制Tests";
			sourceTree = "<group>";
		};
		F24262BA1B69AB2A004090FB /* Supporting Files */ = {
			isa = PBXGroup;
			children = (
				F24262BB1B69AB2A004090FB /* Info.plist */,
			);
			name = "Supporting Files";
			sourceTree = "<group>";
		};
		F24262CC1B69BC8E004090FB /* Dot */ = {
			isa = PBXGroup;
			children = (
				F24262CD1B69BCC8004090FB /* Dot.h */,
				F24262CE1B69BCC8004090FB /* Dot.m */,
			);
			name = Dot;
			sourceTree = "<group>";
		};
		F24262D01B69BD2E004090FB /* DrawView */ = {
			isa = PBXGroup;
			children = (
				F24262D11B69BD47004090FB /* DrawView.h */,
				F24262D21B69BD47004090FB /* DrawView.m */,
			);
			name = DrawView;
			sourceTree = "<group>";
		};
		F24263011B69F2E8004090FB /* Test */ = {
			isa = PBXGroup;
			children = (
				F24263021B69F302004090FB /* TestView.h */,
				F24263031B69F302004090FB /* TestView.m */,
			);
			name = Test;
			sourceTree = "<group>";
		};
		F24263051B69F824004090FB /* Pen */ = {
			isa = PBXGroup;
			children = (
				F24263101B6A0312004090FB /* Pen.h */,
				F24263111B6A0312004090FB /* Pen.m */,
			);
			name = Pen;
			sourceTree = "<group>";
		};
		F246AA091B6B9DC20079EB32 /* NSArraySort */ = {
			isa = PBXGroup;
			children = (
				F246AA0A1B6B9DE90079EB32 /* NSArray+sortArray.h */,
				F246AA0B1B6B9DE90079EB32 /* NSArray+sortArray.m */,
			);
			name = NSArraySort;
			sourceTree = "<group>";
		};
/* End PBXGroup section */

/* Begin PBXNativeTarget section */
		F242629C1B69AB2A004090FB /* 图形绘制 */ = {
			isa = PBXNativeTarget;
			buildConfigurationList = F24262C01B69AB2A004090FB /* Build configuration list for PBXNativeTarget "图形绘制" */;
			buildPhases = (
				F24262991B69AB2A004090FB /* Sources */,
				F242629A1B69AB2A004090FB /* Frameworks */,
				F242629B1B69AB2A004090FB /* Resources */,
			);
			buildRules = (
			);
			dependencies = (
			);
			name = "图形绘制";
			productName = "图形绘制";
			productReference = F242629D1B69AB2A004090FB /* 图形绘制.app */;
			productType = "com.apple.product-type.application";
		};
		F24262B51B69AB2A004090FB /* 图形绘制Tests */ = {
			isa = PBXNativeTarget;
			buildConfigurationList = F24262C31B69AB2A004090FB /* Build configuration list for PBXNativeTarget "图形绘制Tests" */;
			buildPhases = (
				F24262B21B69AB2A004090FB /* Sources */,
				F24262B31B69AB2A004090FB /* Frameworks */,
				F24262B41B69AB2A004090FB /* Resources */,
			);
			buildRules = (
			);
			dependencies = (
				F24262B81B69AB2A004090FB /* PBXTargetDependency */,
			);
			name = "图形绘制Tests";
			productName = "图形绘制Tests";
			productReference = F24262B61B69AB2A004090FB /* 图形绘制Tests.xctest */;
			productType = "com.apple.product-type.bundle.unit-test";
		};
/* End PBXNativeTarget section */

/* Begin PBXProject section */
		F24262951B69AB2A004090FB /* Project object */ = {
			isa = PBXProject;
			attributes = {
				LastUpgradeCheck = 0630;
				ORGANIZATIONNAME = "成都千锋";
				TargetAttributes = {
					F242629C1B69AB2A004090FB = {
						CreatedOnToolsVersion = 6.3;
					};
					F24262B51B69AB2A004090FB = {
						CreatedOnToolsVersion = 6.3;
						TestTargetID = F242629C1B69AB2A004090FB;
					};
				};
			};
			buildConfigurationList = F24262981B69AB2A004090FB /* Build configuration list for PBXProject "图形绘制" */;
			compatibilityVersion = "Xcode 3.2";
			developmentRegion = English;
			hasScannedForEncodings = 0;
			knownRegions = (
				en,
				Base,
			);
			mainGroup = F24262941B69AB2A004090FB;
			productRefGroup = F242629E1B69AB2A004090FB /* Products */;
			projectDirPath = "";
			projectRoot = "";
			targets = (
				F242629C1B69AB2A004090FB /* 图形绘制 */,
				F24262B51B69AB2A004090FB /* 图形绘制Tests */,
			);
		};
/* End PBXProject section */

/* Begin PBXResourcesBuildPhase section */
		F242629B1B69AB2A004090FB /* Resources */ = {
			isa = PBXResourcesBuildPhase;
			buildActionMask = 2147483647;
			files = (
				F246AA101B6BA6EC0079EB32 /* AppIcon.png in Resources */,
				F24262AC1B69AB2A004090FB /* Main.storyboard in Resources */,
				F24262B11B69AB2A004090FB /* LaunchScreen.xib in Resources */,
				F24262AE1B69AB2A004090FB /* Images.xcassets in Resources */,
			);
			runOnlyForDeploymentPostprocessing = 0;
		};
		F24262B41B69AB2A004090FB /* Resources */ = {
			isa = PBXResourcesBuildPhase;
			buildActionMask = 2147483647;
			files = (
			);
			runOnlyForDeploymentPostprocessing = 0;
		};
/* End PBXResourcesBuildPhase section */

/* Begin PBXSourcesBuildPhase section */
		F24262991B69AB2A004090FB /* Sources */ = {
			isa = PBXSourcesBuildPhase;
			buildActionMask = 2147483647;
			files = (
				F24263041B69F302004090FB /* TestView.m in Sources */,
				F24262CB1B69AB86004090FB /* MyView.m in Sources */,
				F246AA0C1B6B9DE90079EB32 /* NSArray+sortArray.m in Sources */,
				F24263121B6A0312004090FB /* Pen.m in Sources */,
				F24262A91B69AB2A004090FB /* ViewController.m in Sources */,
				F24262D31B69BD47004090FB /* DrawView.m in Sources */,
				F24262A61B69AB2A004090FB /* AppDelegate.m in Sources */,
				F24262CF1B69BCC8004090FB /* Dot.m in Sources */,
				F24262A31B69AB2A004090FB /* main.m in Sources */,
			);
			runOnlyForDeploymentPostprocessing = 0;
		};
		F24262B21B69AB2A004090FB /* Sources */ = {
			isa = PBXSourcesBuildPhase;
			buildActionMask = 2147483647;
			files = (
				F24262BD1B69AB2A004090FB /* ____Tests.m in Sources */,
			);
			runOnlyForDeploymentPostprocessing = 0;
		};
/* End PBXSourcesBuildPhase section */

/* Begin PBXTargetDependency section */
		F24262B81B69AB2A004090FB /* PBXTargetDependency */ = {
			isa = PBXTargetDependency;
			target = F242629C1B69AB2A004090FB /* 图形绘制 */;
			targetProxy = F24262B71B69AB2A004090FB /* PBXContainerItemProxy */;
		};
/* End PBXTargetDependency section */

/* Begin PBXVariantGroup section */
		F24262AA1B69AB2A004090FB /* Main.storyboard */ = {
			isa = PBXVariantGroup;
			children = (
				F24262AB1B69AB2A004090FB /* Base */,
			);
			name = Main.storyboard;
			sourceTree = "<group>";
		};
		F24262AF1B69AB2A004090FB /* LaunchScreen.xib */ = {
			isa = PBXVariantGroup;
			children = (
				F24262B01B69AB2A004090FB /* Base */,
			);
			name = LaunchScreen.xib;
			sourceTree = "<group>";
		};
/* End PBXVariantGroup section */

/* Begin XCBuildConfiguration section */
		F24262BE1B69AB2A004090FB /* Debug */ = {
			isa = XCBuildConfiguration;
			buildSettings = {
				ALWAYS_SEARCH_USER_PATHS = NO;
				CLANG_CXX_LANGUAGE_STANDARD = "gnu++0x";
				CLANG_CXX_LIBRARY = "libc++";
				CLANG_ENABLE_MODULES = YES;
				CLANG_ENABLE_OBJC_ARC = YES;
				CLANG_WARN_BOOL_CONVERSION = YES;
				CLANG_WARN_CONSTANT_CONVERSION = YES;
				CLANG_WARN_DIRECT_OBJC_ISA_USAGE = YES_ERROR;
				CLANG_WARN_EMPTY_BODY = YES;
				CLANG_WARN_ENUM_CONVERSION = YES;
				CLANG_WARN_INT_CONVERSION = YES;
				CLANG_WARN_OBJC_ROOT_CLASS = YES_ERROR;
				CLANG_WARN_UNREACHABLE_CODE = YES;
				CLANG_WARN__DUPLICATE_METHOD_MATCH = YES;
				"CODE_SIGN_IDENTITY[sdk=iphoneos*]" = "iPhone Developer";
				COPY_PHASE_STRIP = NO;
				DEBUG_INFORMATION_FORMAT = "dwarf-with-dsym";
				ENABLE_STRICT_OBJC_MSGSEND = YES;
				GCC_C_LANGUAGE_STANDARD = gnu99;
				GCC_DYNAMIC_NO_PIC = NO;
				GCC_NO_COMMON_BLOCKS = YES;
				GCC_OPTIMIZATION_LEVEL = 0;
				GCC_PREPROCESSOR_DEFINITIONS = (
					"DEBUG=1",
					"$(inherited)",
				);
				GCC_SYMBOLS_PRIVATE_EXTERN = NO;
				GCC_WARN_64_TO_32_BIT_CONVERSION = YES;
				GCC_WARN_ABOUT_RETURN_TYPE = YES_ERROR;
				GCC_WARN_UNDECLARED_SELECTOR = YES;
				GCC_WARN_UNINITIALIZED_AUTOS = YES_AGGRESSIVE;
				GCC_WARN_UNUSED_FUNCTION = YES;
				GCC_WARN_UNUSED_VARIABLE = YES;
				IPHONEOS_DEPLOYMENT_TARGET = 8.3;
				MTL_ENABLE_DEBUG_INFO = YES;
				ONLY_ACTIVE_ARCH = YES;
				SDKROOT = iphoneos;
			};
			name = Debug;
		};
		F24262BF1B69AB2A004090FB /* Release */ = {
			isa = XCBuildConfiguration;
			buildSettings = {
				ALWAYS_SEARCH_USER_PATHS = NO;
				CLANG_CXX_LANGUAGE_STANDARD = "gnu++0x";
				CLANG_CXX_LIBRARY = "libc++";
				CLANG_ENABLE_MODULES = YES;
				CLANG_ENABLE_OBJC_ARC = YES;
				CLANG_WARN_BOOL_CONVERSION = YES;
				CLANG_WARN_CONSTANT_CONVERSION = YES;
				CLANG_WARN_DIRECT_OBJC_ISA_USAGE = YES_ERROR;
				CLANG_WARN_EMPTY_BODY = YES;
				CLANG_WARN_ENUM_CONVERSION = YES;
				CLANG_WARN_INT_CONVERSION = YES;
				CLANG_WARN_OBJC_ROOT_CLASS = YES_ERROR;
				CLANG_WARN_UNREACHABLE_CODE = YES;
				CLANG_WARN__DUPLICATE_METHOD_MATCH = YES;
				"CODE_SIGN_IDENTITY[sdk=iphoneos*]" = "iPhone Developer";
				COPY_PHASE_STRIP = NO;
				DEBUG_INFORMATION_FORMAT = "dwarf-with-dsym";
				ENABLE_NS_ASSERTIONS = NO;
				ENABLE_STRICT_OBJC_MSGSEND = YES;
				GCC_C_LANGUAGE_STANDARD = gnu99;
				GCC_NO_COMMON_BLOCKS = YES;
				GCC_WARN_64_TO_32_BIT_CONVERSION = YES;
				GCC_WARN_ABOUT_RETURN_TYPE = YES_ERROR;
				GCC_WARN_UNDECLARED_SELECTOR = YES;
				GCC_WARN_UNINITIALIZED_AUTOS = YES_AGGRESSIVE;
				GCC_WARN_UNUSED_FUNCTION = YES;
				GCC_WARN_UNUSED_VARIABLE = YES;
				IPHONEOS_DEPLOYMENT_TARGET = 8.3;
				MTL_ENABLE_DEBUG_INFO = NO;
				SDKROOT = iphoneos;
				VALIDATE_PRODUCT = YES;
			};
			name = Release;
		};
		F24262C11B69AB2A004090FB /* Debug */ = {
			isa = XCBuildConfiguration;
			buildSettings = {
				ASSETCATALOG_COMPILER_APPICON_NAME = AppIcon;
				ASSETCATALOG_COMPILER_LAUNCHIMAGE_NAME = LaunchImage;
				INFOPLIST_FILE = "图形绘制/Info.plist";
				LD_RUNPATH_SEARCH_PATHS = "$(inherited) @executable_path/Frameworks";
				PRODUCT_NAME = "$(TARGET_NAME)";
			};
			name = Debug;
		};
		F24262C21B69AB2A004090FB /* Release */ = {
			isa = XCBuildConfiguration;
			buildSettings = {
				ASSETCATALOG_COMPILER_APPICON_NAME = AppIcon;
				ASSETCATALOG_COMPILER_LAUNCHIMAGE_NAME = LaunchImage;
				INFOPLIST_FILE = "图形绘制/Info.plist";
				LD_RUNPATH_SEARCH_PATHS = "$(inherited) @executable_path/Frameworks";
				PRODUCT_NAME = "$(TARGET_NAME)";
			};
			name = Release;
		};
		F24262C41B69AB2A004090FB /* Debug */ = {
			isa = XCBuildConfiguration;
			buildSettings = {
				BUNDLE_LOADER = "$(TEST_HOST)";
				FRAMEWORK_SEARCH_PATHS = (
					"$(SDKROOT)/Developer/Library/Frameworks",
					"$(inherited)",
				);
				GCC_PREPROCESSOR_DEFINITIONS = (
					"DEBUG=1",
					"$(inherited)",
				);
				INFOPLIST_FILE = "图形绘制Tests/Info.plist";
				LD_RUNPATH_SEARCH_PATHS = "$(inherited) @executable_path/Frameworks @loader_path/Frameworks";
				PRODUCT_NAME = "$(TARGET_NAME)";
				TEST_HOST = "$(BUILT_PRODUCTS_DIR)/图形绘制.app/图形绘制";
			};
			name = Debug;
		};
		F24262C51B69AB2A004090FB /* Release */ = {
			isa = XCBuildConfiguration;
			buildSettings = {
				BUNDLE_LOADER = "$(TEST_HOST)";
				FRAMEWORK_SEARCH_PATHS = (
					"$(SDKROOT)/Developer/Library/Frameworks",
					"$(inherited)",
				);
				INFOPLIST_FILE = "图形绘制Tests/Info.plist";
				LD_RUNPATH_SEARCH_PATHS = "$(inherited) @executable_path/Frameworks @loader_path/Frameworks";
				PRODUCT_NAME = "$(TARGET_NAME)";
				TEST_HOST = "$(BUILT_PRODUCTS_DIR)/图形绘制.app/图形绘制";
			};
			name = Release;
		};
/* End XCBuildConfiguration section */

/* Begin XCConfigurationList section */
		F24262981B69AB2A004090FB /* Build configuration list for PBXProject "图形绘制" */ = {
			isa = XCConfigurationList;
			buildConfigurations = (
				F24262BE1B69AB2A004090FB /* Debug */,
				F24262BF1B69AB2A004090FB /* Release */,
			);
			defaultConfigurationIsVisible = 0;
			defaultConfigurationName = Release;
		};
		F24262C01B69AB2A004090FB /* Build configuration list for PBXNativeTarget "图形绘制" */ = {
			isa = XCConfigurationList;
			buildConfigurations = (
				F24262C11B69AB2A004090FB /* Debug */,
				F24262C21B69AB2A004090FB /* Release */,
			);
			defaultConfigurationIsVisible = 0;
			defaultConfigurationName = Release;
		};
		F24262C31B69AB2A004090FB /* Build configuration list for PBXNativeTarget "图形绘制Tests" */ = {
			isa = XCConfigurationList;
			buildConfigurations = (
				F24262C41B69AB2A004090FB /* Debug */,
				F24262C51B69AB2A004090FB /* Release */,
			);
			defaultConfigurationIsVisible = 0;
			defaultConfigurationName = Release;
		};
/* End XCConfigurationList section */
	};
	rootObject = F24262951B69AB2A004090FB /* Project object */;
}
