// !$*UTF8*$!
{
	archiveVersion = 1;
	classes = {
	};
	objectVersion = 46;
	objects = {

/* Begin PBXBuildFile section */
		B83981671CDF0926008A0808 /* NSObject+JKCoder.m in Sources */ = {isa = PBXBuildFile; fileRef = B83981641CDF0926008A0808 /* NSObject+JKCoder.m */; };
		B83981681CDF0926008A0808 /* NSObject+JKKVCExtension.m in Sources */ = {isa = PBXBuildFile; fileRef = B83981661CDF0926008A0808 /* NSObject+JKKVCExtension.m */; };
		B89B8B291CDB9EA00002E603 /* JKCacheSlider.m in Sources */ = {isa = PBXBuildFile; fileRef = B89B8AF01CDB9EA00002E603 /* JKCacheSlider.m */; };
		B89B8B2A1CDB9EA00002E603 /* JKGifView.m in Sources */ = {isa = PBXBuildFile; fileRef = B89B8AF31CDB9EA00002E603 /* JKGifView.m */; settings = {COMPILER_FLAGS = "-fno-objc-arc"; }; };
		B89B8B2B1CDB9EA00002E603 /* JKBackButton.m in Sources */ = {isa = PBXBuildFile; fileRef = B89B8AF61CDB9EA00002E603 /* JKBackButton.m */; };
		B89B8B2C1CDB9EA00002E603 /* JKMoviePlayerPortraitViewController.m in Sources */ = {isa = PBXBuildFile; fileRef = B89B8AF81CDB9EA00002E603 /* JKMoviePlayerPortraitViewController.m */; };
		B89B8B2D1CDB9EA00002E603 /* next.png in Resources */ = {isa = PBXBuildFile; fileRef = B89B8AFA1CDB9EA00002E603 /* next.png */; };
		B89B8B2E1CDB9EA00002E603 /* pause.png in Resources */ = {isa = PBXBuildFile; fileRef = B89B8AFB1CDB9EA00002E603 /* pause.png */; };
		B89B8B2F1CDB9EA00002E603 /* play.png in Resources */ = {isa = PBXBuildFile; fileRef = B89B8AFC1CDB9EA00002E603 /* play.png */; };
		B89B8B301CDB9EA00002E603 /* thum.png in Resources */ = {isa = PBXBuildFile; fileRef = B89B8AFD1CDB9EA00002E603 /* thum.png */; };
		B89B8B311CDB9EA00002E603 /* JKShapeImage.m in Sources */ = {isa = PBXBuildFile; fileRef = B89B8B001CDB9EA00002E603 /* JKShapeImage.m */; };
		B89B8B321CDB9EA00002E603 /* NSData+JKImageType.m in Sources */ = {isa = PBXBuildFile; fileRef = B89B8B0B1CDB9EA00002E603 /* NSData+JKImageType.m */; };
		B89B8B331CDB9EA00002E603 /* NSString+JKStringSize.m in Sources */ = {isa = PBXBuildFile; fileRef = B89B8B0F1CDB9EA00002E603 /* NSString+JKStringSize.m */; };
		B89B8B341CDB9EA00002E603 /* UIColor+JK_HEX.m in Sources */ = {isa = PBXBuildFile; fileRef = B89B8B131CDB9EA00002E603 /* UIColor+JK_HEX.m */; };
		B89B8B351CDB9EA00002E603 /* UIImage+ColorImage.m in Sources */ = {isa = PBXBuildFile; fileRef = B89B8B171CDB9EA00002E603 /* UIImage+ColorImage.m */; };
		B89B8B361CDB9EA00002E603 /* UIImage+GIF.m in Sources */ = {isa = PBXBuildFile; fileRef = B89B8B1A1CDB9EA00002E603 /* UIImage+GIF.m */; };
		B89B8B371CDB9EA00002E603 /* UIImage+JKSize.m in Sources */ = {isa = PBXBuildFile; fileRef = B89B8B1D1CDB9EA00002E603 /* UIImage+JKSize.m */; };
		B89B8B381CDB9EA00002E603 /* UITableView+JK.m in Sources */ = {isa = PBXBuildFile; fileRef = B89B8B221CDB9EA00002E603 /* UITableView+JK.m */; };
		B89B8B391CDB9EA00002E603 /* UIView+JKImage.m in Sources */ = {isa = PBXBuildFile; fileRef = B89B8B261CDB9EA00002E603 /* UIView+JKImage.m */; };
		B8AA183B1CC776FE008D664E /* main.m in Sources */ = {isa = PBXBuildFile; fileRef = B8AA183A1CC776FE008D664E /* main.m */; };
		B8AA183E1CC776FE008D664E /* AppDelegate.m in Sources */ = {isa = PBXBuildFile; fileRef = B8AA183D1CC776FE008D664E /* AppDelegate.m */; };
		B8AA18411CC776FE008D664E /* ViewController.m in Sources */ = {isa = PBXBuildFile; fileRef = B8AA18401CC776FE008D664E /* ViewController.m */; };
		B8AA18441CC776FE008D664E /* Main.storyboard in Resources */ = {isa = PBXBuildFile; fileRef = B8AA18421CC776FE008D664E /* Main.storyboard */; };
		B8AA18461CC776FE008D664E /* Assets.xcassets in Resources */ = {isa = PBXBuildFile; fileRef = B8AA18451CC776FE008D664E /* Assets.xcassets */; };
		B8AA18491CC776FE008D664E /* LaunchScreen.storyboard in Resources */ = {isa = PBXBuildFile; fileRef = B8AA18471CC776FE008D664E /* LaunchScreen.storyboard */; };
		B8AA18541CC776FE008D664E /* JKUtilDemoTests.m in Sources */ = {isa = PBXBuildFile; fileRef = B8AA18531CC776FE008D664E /* JKUtilDemoTests.m */; };
		B8AA185F1CC776FE008D664E /* JKUtilDemoUITests.m in Sources */ = {isa = PBXBuildFile; fileRef = B8AA185E1CC776FE008D664E /* JKUtilDemoUITests.m */; };
		B8CDF21F1CE0EE900054AA25 /* JKCarouselView.m in Sources */ = {isa = PBXBuildFile; fileRef = B8CDF21E1CE0EE900054AA25 /* JKCarouselView.m */; };
/* End PBXBuildFile section */

/* Begin PBXContainerItemProxy section */
		B8AA18501CC776FE008D664E /* PBXContainerItemProxy */ = {
			isa = PBXContainerItemProxy;
			containerPortal = B8AA182E1CC776FE008D664E /* Project object */;
			proxyType = 1;
			remoteGlobalIDString = B8AA18351CC776FE008D664E;
			remoteInfo = JKUtilDemo;
		};
		B8AA185B1CC776FE008D664E /* PBXContainerItemProxy */ = {
			isa = PBXContainerItemProxy;
			containerPortal = B8AA182E1CC776FE008D664E /* Project object */;
			proxyType = 1;
			remoteGlobalIDString = B8AA18351CC776FE008D664E;
			remoteInfo = JKUtilDemo;
		};
/* End PBXContainerItemProxy section */

/* Begin PBXFileReference section */
		B83981631CDF0926008A0808 /* NSObject+JKCoder.h */ = {isa = PBXFileReference; fileEncoding = 4; lastKnownFileType = sourcecode.c.h; path = "NSObject+JKCoder.h"; sourceTree = "<group>"; };
		B83981641CDF0926008A0808 /* NSObject+JKCoder.m */ = {isa = PBXFileReference; fileEncoding = 4; lastKnownFileType = sourcecode.c.objc; path = "NSObject+JKCoder.m"; sourceTree = "<group>"; };
		B83981651CDF0926008A0808 /* NSObject+JKKVCExtension.h */ = {isa = PBXFileReference; fileEncoding = 4; lastKnownFileType = sourcecode.c.h; path = "NSObject+JKKVCExtension.h"; sourceTree = "<group>"; };
		B83981661CDF0926008A0808 /* NSObject+JKKVCExtension.m */ = {isa = PBXFileReference; fileEncoding = 4; lastKnownFileType = sourcecode.c.objc; path = "NSObject+JKKVCExtension.m"; sourceTree = "<group>"; };
		B89B8AEF1CDB9EA00002E603 /* JKCacheSlider.h */ = {isa = PBXFileReference; fileEncoding = 4; lastKnownFileType = sourcecode.c.h; path = JKCacheSlider.h; sourceTree = "<group>"; };
		B89B8AF01CDB9EA00002E603 /* JKCacheSlider.m */ = {isa = PBXFileReference; fileEncoding = 4; lastKnownFileType = sourcecode.c.objc; path = JKCacheSlider.m; sourceTree = "<group>"; };
		B89B8AF21CDB9EA00002E603 /* JKGifView.h */ = {isa = PBXFileReference; fileEncoding = 4; lastKnownFileType = sourcecode.c.h; path = JKGifView.h; sourceTree = "<group>"; };
		B89B8AF31CDB9EA00002E603 /* JKGifView.m */ = {isa = PBXFileReference; fileEncoding = 4; lastKnownFileType = sourcecode.c.objc; path = JKGifView.m; sourceTree = "<group>"; };
		B89B8AF51CDB9EA00002E603 /* JKBackButton.h */ = {isa = PBXFileReference; fileEncoding = 4; lastKnownFileType = sourcecode.c.h; path = JKBackButton.h; sourceTree = "<group>"; };
		B89B8AF61CDB9EA00002E603 /* JKBackButton.m */ = {isa = PBXFileReference; fileEncoding = 4; lastKnownFileType = sourcecode.c.objc; path = JKBackButton.m; sourceTree = "<group>"; };
		B89B8AF71CDB9EA00002E603 /* JKMoviePlayerPortraitViewController.h */ = {isa = PBXFileReference; fileEncoding = 4; lastKnownFileType = sourcecode.c.h; path = JKMoviePlayerPortraitViewController.h; sourceTree = "<group>"; };
		B89B8AF81CDB9EA00002E603 /* JKMoviePlayerPortraitViewController.m */ = {isa = PBXFileReference; fileEncoding = 4; lastKnownFileType = sourcecode.c.objc; path = JKMoviePlayerPortraitViewController.m; sourceTree = "<group>"; };
		B89B8AFA1CDB9EA00002E603 /* next.png */ = {isa = PBXFileReference; lastKnownFileType = image.png; path = next.png; sourceTree = "<group>"; };
		B89B8AFB1CDB9EA00002E603 /* pause.png */ = {isa = PBXFileReference; lastKnownFileType = image.png; path = pause.png; sourceTree = "<group>"; };
		B89B8AFC1CDB9EA00002E603 /* play.png */ = {isa = PBXFileReference; lastKnownFileType = image.png; path = play.png; sourceTree = "<group>"; };
		B89B8AFD1CDB9EA00002E603 /* thum.png */ = {isa = PBXFileReference; lastKnownFileType = image.png; path = thum.png; sourceTree = "<group>"; };
		B89B8AFF1CDB9EA00002E603 /* JKShapeImage.h */ = {isa = PBXFileReference; fileEncoding = 4; lastKnownFileType = sourcecode.c.h; path = JKShapeImage.h; sourceTree = "<group>"; };
		B89B8B001CDB9EA00002E603 /* JKShapeImage.m */ = {isa = PBXFileReference; fileEncoding = 4; lastKnownFileType = sourcecode.c.objc; path = JKShapeImage.m; sourceTree = "<group>"; };
		B89B8B0A1CDB9EA00002E603 /* NSData+JKImageType.h */ = {isa = PBXFileReference; fileEncoding = 4; lastKnownFileType = sourcecode.c.h; path = "NSData+JKImageType.h"; sourceTree = "<group>"; };
		B89B8B0B1CDB9EA00002E603 /* NSData+JKImageType.m */ = {isa = PBXFileReference; fileEncoding = 4; lastKnownFileType = sourcecode.c.objc; path = "NSData+JKImageType.m"; sourceTree = "<group>"; };
		B89B8B0E1CDB9EA00002E603 /* NSString+JKStringSize.h */ = {isa = PBXFileReference; fileEncoding = 4; lastKnownFileType = sourcecode.c.h; path = "NSString+JKStringSize.h"; sourceTree = "<group>"; };
		B89B8B0F1CDB9EA00002E603 /* NSString+JKStringSize.m */ = {isa = PBXFileReference; fileEncoding = 4; lastKnownFileType = sourcecode.c.objc; path = "NSString+JKStringSize.m"; sourceTree = "<group>"; };
		B89B8B121CDB9EA00002E603 /* UIColor+JK_HEX.h */ = {isa = PBXFileReference; fileEncoding = 4; lastKnownFileType = sourcecode.c.h; path = "UIColor+JK_HEX.h"; sourceTree = "<group>"; };
		B89B8B131CDB9EA00002E603 /* UIColor+JK_HEX.m */ = {isa = PBXFileReference; fileEncoding = 4; lastKnownFileType = sourcecode.c.objc; path = "UIColor+JK_HEX.m"; sourceTree = "<group>"; };
		B89B8B161CDB9EA00002E603 /* UIImage+ColorImage.h */ = {isa = PBXFileReference; fileEncoding = 4; lastKnownFileType = sourcecode.c.h; path = "UIImage+ColorImage.h"; sourceTree = "<group>"; };
		B89B8B171CDB9EA00002E603 /* UIImage+ColorImage.m */ = {isa = PBXFileReference; fileEncoding = 4; lastKnownFileType = sourcecode.c.objc; path = "UIImage+ColorImage.m"; sourceTree = "<group>"; };
		B89B8B191CDB9EA00002E603 /* UIImage+GIF.h */ = {isa = PBXFileReference; fileEncoding = 4; lastKnownFileType = sourcecode.c.h; path = "UIImage+GIF.h"; sourceTree = "<group>"; };
		B89B8B1A1CDB9EA00002E603 /* UIImage+GIF.m */ = {isa = PBXFileReference; fileEncoding = 4; lastKnownFileType = sourcecode.c.objc; path = "UIImage+GIF.m"; sourceTree = "<group>"; };
		B89B8B1C1CDB9EA00002E603 /* UIImage+JKSize.h */ = {isa = PBXFileReference; fileEncoding = 4; lastKnownFileType = sourcecode.c.h; path = "UIImage+JKSize.h"; sourceTree = "<group>"; };
		B89B8B1D1CDB9EA00002E603 /* UIImage+JKSize.m */ = {isa = PBXFileReference; fileEncoding = 4; lastKnownFileType = sourcecode.c.objc; path = "UIImage+JKSize.m"; sourceTree = "<group>"; };
		B89B8B211CDB9EA00002E603 /* UITableView+JK.h */ = {isa = PBXFileReference; fileEncoding = 4; lastKnownFileType = sourcecode.c.h; path = "UITableView+JK.h"; sourceTree = "<group>"; };
		B89B8B221CDB9EA00002E603 /* UITableView+JK.m */ = {isa = PBXFileReference; fileEncoding = 4; lastKnownFileType = sourcecode.c.objc; path = "UITableView+JK.m"; sourceTree = "<group>"; };
		B89B8B251CDB9EA00002E603 /* UIView+JKImage.h */ = {isa = PBXFileReference; fileEncoding = 4; lastKnownFileType = sourcecode.c.h; path = "UIView+JKImage.h"; sourceTree = "<group>"; };
		B89B8B261CDB9EA00002E603 /* UIView+JKImage.m */ = {isa = PBXFileReference; fileEncoding = 4; lastKnownFileType = sourcecode.c.objc; path = "UIView+JKImage.m"; sourceTree = "<group>"; };
		B89B8B271CDB9EA00002E603 /* JKCommon.h */ = {isa = PBXFileReference; fileEncoding = 4; lastKnownFileType = sourcecode.c.h; path = JKCommon.h; sourceTree = "<group>"; };
		B89B8B281CDB9EA00002E603 /* JKUtil.h */ = {isa = PBXFileReference; fileEncoding = 4; lastKnownFileType = sourcecode.c.h; path = JKUtil.h; sourceTree = "<group>"; };
		B8AA18361CC776FE008D664E /* JKUtilDemo.app */ = {isa = PBXFileReference; explicitFileType = wrapper.application; includeInIndex = 0; path = JKUtilDemo.app; sourceTree = BUILT_PRODUCTS_DIR; };
		B8AA183A1CC776FE008D664E /* main.m */ = {isa = PBXFileReference; lastKnownFileType = sourcecode.c.objc; path = main.m; sourceTree = "<group>"; };
		B8AA183C1CC776FE008D664E /* AppDelegate.h */ = {isa = PBXFileReference; lastKnownFileType = sourcecode.c.h; path = AppDelegate.h; sourceTree = "<group>"; };
		B8AA183D1CC776FE008D664E /* AppDelegate.m */ = {isa = PBXFileReference; lastKnownFileType = sourcecode.c.objc; path = AppDelegate.m; sourceTree = "<group>"; };
		B8AA183F1CC776FE008D664E /* ViewController.h */ = {isa = PBXFileReference; lastKnownFileType = sourcecode.c.h; path = ViewController.h; sourceTree = "<group>"; };
		B8AA18401CC776FE008D664E /* ViewController.m */ = {isa = PBXFileReference; lastKnownFileType = sourcecode.c.objc; path = ViewController.m; sourceTree = "<group>"; };
		B8AA18431CC776FE008D664E /* Base */ = {isa = PBXFileReference; lastKnownFileType = file.storyboard; name = Base; path = Base.lproj/Main.storyboard; sourceTree = "<group>"; };
		B8AA18451CC776FE008D664E /* Assets.xcassets */ = {isa = PBXFileReference; lastKnownFileType = folder.assetcatalog; path = Assets.xcassets; sourceTree = "<group>"; };
		B8AA18481CC776FE008D664E /* Base */ = {isa = PBXFileReference; lastKnownFileType = file.storyboard; name = Base; path = Base.lproj/LaunchScreen.storyboard; sourceTree = "<group>"; };
		B8AA184A1CC776FE008D664E /* Info.plist */ = {isa = PBXFileReference; lastKnownFileType = text.plist.xml; path = Info.plist; sourceTree = "<group>"; };
		B8AA184F1CC776FE008D664E /* JKUtilDemoTests.xctest */ = {isa = PBXFileReference; explicitFileType = wrapper.cfbundle; includeInIndex = 0; path = JKUtilDemoTests.xctest; sourceTree = BUILT_PRODUCTS_DIR; };
		B8AA18531CC776FE008D664E /* JKUtilDemoTests.m */ = {isa = PBXFileReference; lastKnownFileType = sourcecode.c.objc; path = JKUtilDemoTests.m; sourceTree = "<group>"; };
		B8AA18551CC776FE008D664E /* Info.plist */ = {isa = PBXFileReference; lastKnownFileType = text.plist.xml; path = Info.plist; sourceTree = "<group>"; };
		B8AA185A1CC776FE008D664E /* JKUtilDemoUITests.xctest */ = {isa = PBXFileReference; explicitFileType = wrapper.cfbundle; includeInIndex = 0; path = JKUtilDemoUITests.xctest; sourceTree = BUILT_PRODUCTS_DIR; };
		B8AA185E1CC776FE008D664E /* JKUtilDemoUITests.m */ = {isa = PBXFileReference; lastKnownFileType = sourcecode.c.objc; path = JKUtilDemoUITests.m; sourceTree = "<group>"; };
		B8AA18601CC776FE008D664E /* Info.plist */ = {isa = PBXFileReference; lastKnownFileType = text.plist.xml; path = Info.plist; sourceTree = "<group>"; };
		B8CDF21D1CE0EE900054AA25 /* JKCarouselView.h */ = {isa = PBXFileReference; fileEncoding = 4; lastKnownFileType = sourcecode.c.h; path = JKCarouselView.h; sourceTree = "<group>"; };
		B8CDF21E1CE0EE900054AA25 /* JKCarouselView.m */ = {isa = PBXFileReference; fileEncoding = 4; lastKnownFileType = sourcecode.c.objc; path = JKCarouselView.m; sourceTree = "<group>"; };
/* End PBXFileReference section */

/* Begin PBXFrameworksBuildPhase section */
		B8AA18331CC776FE008D664E /* Frameworks */ = {
			isa = PBXFrameworksBuildPhase;
			buildActionMask = 2147483647;
			files = (
			);
			runOnlyForDeploymentPostprocessing = 0;
		};
		B8AA184C1CC776FE008D664E /* Frameworks */ = {
			isa = PBXFrameworksBuildPhase;
			buildActionMask = 2147483647;
			files = (
			);
			runOnlyForDeploymentPostprocessing = 0;
		};
		B8AA18571CC776FE008D664E /* Frameworks */ = {
			isa = PBXFrameworksBuildPhase;
			buildActionMask = 2147483647;
			files = (
			);
			runOnlyForDeploymentPostprocessing = 0;
		};
/* End PBXFrameworksBuildPhase section */

/* Begin PBXGroup section */
		B83981621CDF0926008A0808 /* NSObject */ = {
			isa = PBXGroup;
			children = (
				B83981631CDF0926008A0808 /* NSObject+JKCoder.h */,
				B83981641CDF0926008A0808 /* NSObject+JKCoder.m */,
				B83981651CDF0926008A0808 /* NSObject+JKKVCExtension.h */,
				B83981661CDF0926008A0808 /* NSObject+JKKVCExtension.m */,
			);
			path = NSObject;
			sourceTree = "<group>";
		};
		B89B8AEC1CDB9EA00002E603 /* JKUtil */ = {
			isa = PBXGroup;
			children = (
				B89B8AED1CDB9EA00002E603 /* BaseClass */,
				B89B8B071CDB9EA00002E603 /* Category */,
				B89B8B271CDB9EA00002E603 /* JKCommon.h */,
				B89B8B281CDB9EA00002E603 /* JKUtil.h */,
			);
			path = JKUtil;
			sourceTree = "<group>";
		};
		B89B8AED1CDB9EA00002E603 /* BaseClass */ = {
			isa = PBXGroup;
			children = (
				B8CDF21C1CE0EE900054AA25 /* JKCarouselView(轮播) */,
				B89B8AEE1CDB9EA00002E603 /* JKCacheSlider */,
				B89B8AF11CDB9EA00002E603 /* JKGifView */,
				B89B8AF41CDB9EA00002E603 /* JKPortraitMoviePlayer */,
				B89B8AFE1CDB9EA00002E603 /* JKShapeImage(聊天发送图片带小三角) */,
			);
			path = BaseClass;
			sourceTree = "<group>";
		};
		B89B8AEE1CDB9EA00002E603 /* JKCacheSlider */ = {
			isa = PBXGroup;
			children = (
				B89B8AEF1CDB9EA00002E603 /* JKCacheSlider.h */,
				B89B8AF01CDB9EA00002E603 /* JKCacheSlider.m */,
			);
			path = JKCacheSlider;
			sourceTree = "<group>";
		};
		B89B8AF11CDB9EA00002E603 /* JKGifView */ = {
			isa = PBXGroup;
			children = (
				B89B8AF21CDB9EA00002E603 /* JKGifView.h */,
				B89B8AF31CDB9EA00002E603 /* JKGifView.m */,
			);
			path = JKGifView;
			sourceTree = "<group>";
		};
		B89B8AF41CDB9EA00002E603 /* JKPortraitMoviePlayer */ = {
			isa = PBXGroup;
			children = (
				B89B8AF51CDB9EA00002E603 /* JKBackButton.h */,
				B89B8AF61CDB9EA00002E603 /* JKBackButton.m */,
				B89B8AF71CDB9EA00002E603 /* JKMoviePlayerPortraitViewController.h */,
				B89B8AF81CDB9EA00002E603 /* JKMoviePlayerPortraitViewController.m */,
				B89B8AF91CDB9EA00002E603 /* playControlImage */,
			);
			path = JKPortraitMoviePlayer;
			sourceTree = "<group>";
		};
		B89B8AF91CDB9EA00002E603 /* playControlImage */ = {
			isa = PBXGroup;
			children = (
				B89B8AFA1CDB9EA00002E603 /* next.png */,
				B89B8AFB1CDB9EA00002E603 /* pause.png */,
				B89B8AFC1CDB9EA00002E603 /* play.png */,
				B89B8AFD1CDB9EA00002E603 /* thum.png */,
			);
			path = playControlImage;
			sourceTree = "<group>";
		};
		B89B8AFE1CDB9EA00002E603 /* JKShapeImage(聊天发送图片带小三角) */ = {
			isa = PBXGroup;
			children = (
				B89B8AFF1CDB9EA00002E603 /* JKShapeImage.h */,
				B89B8B001CDB9EA00002E603 /* JKShapeImage.m */,
			);
			path = "JKShapeImage(聊天发送图片带小三角)";
			sourceTree = "<group>";
		};
		B89B8B071CDB9EA00002E603 /* Category */ = {
			isa = PBXGroup;
			children = (
				B83981621CDF0926008A0808 /* NSObject */,
				B89B8B081CDB9EA00002E603 /* NSData */,
				B89B8B0C1CDB9EA00002E603 /* NSString */,
				B89B8B101CDB9EA00002E603 /* UIColor */,
				B89B8B141CDB9EA00002E603 /* UIImage */,
				B89B8B1E1CDB9EA00002E603 /* UIScrollView */,
				B89B8B231CDB9EA00002E603 /* UIView */,
			);
			path = Category;
			sourceTree = "<group>";
		};
		B89B8B081CDB9EA00002E603 /* NSData */ = {
			isa = PBXGroup;
			children = (
				B89B8B091CDB9EA00002E603 /* NSData+JKImageType */,
			);
			path = NSData;
			sourceTree = "<group>";
		};
		B89B8B091CDB9EA00002E603 /* NSData+JKImageType */ = {
			isa = PBXGroup;
			children = (
				B89B8B0A1CDB9EA00002E603 /* NSData+JKImageType.h */,
				B89B8B0B1CDB9EA00002E603 /* NSData+JKImageType.m */,
			);
			path = "NSData+JKImageType";
			sourceTree = "<group>";
		};
		B89B8B0C1CDB9EA00002E603 /* NSString */ = {
			isa = PBXGroup;
			children = (
				B89B8B0D1CDB9EA00002E603 /* NSString+JKStringSize */,
			);
			path = NSString;
			sourceTree = "<group>";
		};
		B89B8B0D1CDB9EA00002E603 /* NSString+JKStringSize */ = {
			isa = PBXGroup;
			children = (
				B89B8B0E1CDB9EA00002E603 /* NSString+JKStringSize.h */,
				B89B8B0F1CDB9EA00002E603 /* NSString+JKStringSize.m */,
			);
			path = "NSString+JKStringSize";
			sourceTree = "<group>";
		};
		B89B8B101CDB9EA00002E603 /* UIColor */ = {
			isa = PBXGroup;
			children = (
				B89B8B111CDB9EA00002E603 /* UIColor+HEX */,
			);
			path = UIColor;
			sourceTree = "<group>";
		};
		B89B8B111CDB9EA00002E603 /* UIColor+HEX */ = {
			isa = PBXGroup;
			children = (
				B89B8B121CDB9EA00002E603 /* UIColor+JK_HEX.h */,
				B89B8B131CDB9EA00002E603 /* UIColor+JK_HEX.m */,
			);
			path = "UIColor+HEX";
			sourceTree = "<group>";
		};
		B89B8B141CDB9EA00002E603 /* UIImage */ = {
			isa = PBXGroup;
			children = (
				B89B8B151CDB9EA00002E603 /* UIImage+ColorImage */,
				B89B8B181CDB9EA00002E603 /* UIImage+GIF */,
				B89B8B1B1CDB9EA00002E603 /* UIImage+JKSize */,
			);
			path = UIImage;
			sourceTree = "<group>";
		};
		B89B8B151CDB9EA00002E603 /* UIImage+ColorImage */ = {
			isa = PBXGroup;
			children = (
				B89B8B161CDB9EA00002E603 /* UIImage+ColorImage.h */,
				B89B8B171CDB9EA00002E603 /* UIImage+ColorImage.m */,
			);
			path = "UIImage+ColorImage";
			sourceTree = "<group>";
		};
		B89B8B181CDB9EA00002E603 /* UIImage+GIF */ = {
			isa = PBXGroup;
			children = (
				B89B8B191CDB9EA00002E603 /* UIImage+GIF.h */,
				B89B8B1A1CDB9EA00002E603 /* UIImage+GIF.m */,
			);
			path = "UIImage+GIF";
			sourceTree = "<group>";
		};
		B89B8B1B1CDB9EA00002E603 /* UIImage+JKSize */ = {
			isa = PBXGroup;
			children = (
				B89B8B1C1CDB9EA00002E603 /* UIImage+JKSize.h */,
				B89B8B1D1CDB9EA00002E603 /* UIImage+JKSize.m */,
			);
			path = "UIImage+JKSize";
			sourceTree = "<group>";
		};
		B89B8B1E1CDB9EA00002E603 /* UIScrollView */ = {
			isa = PBXGroup;
			children = (
				B89B8B1F1CDB9EA00002E603 /* UITableView */,
			);
			path = UIScrollView;
			sourceTree = "<group>";
		};
		B89B8B1F1CDB9EA00002E603 /* UITableView */ = {
			isa = PBXGroup;
			children = (
				B89B8B201CDB9EA00002E603 /* JKTableIView */,
			);
			path = UITableView;
			sourceTree = "<group>";
		};
		B89B8B201CDB9EA00002E603 /* JKTableIView */ = {
			isa = PBXGroup;
			children = (
				B89B8B211CDB9EA00002E603 /* UITableView+JK.h */,
				B89B8B221CDB9EA00002E603 /* UITableView+JK.m */,
			);
			path = JKTableIView;
			sourceTree = "<group>";
		};
		B89B8B231CDB9EA00002E603 /* UIView */ = {
			isa = PBXGroup;
			children = (
				B89B8B241CDB9EA00002E603 /* UIView+JKImage */,
			);
			path = UIView;
			sourceTree = "<group>";
		};
		B89B8B241CDB9EA00002E603 /* UIView+JKImage */ = {
			isa = PBXGroup;
			children = (
				B89B8B251CDB9EA00002E603 /* UIView+JKImage.h */,
				B89B8B261CDB9EA00002E603 /* UIView+JKImage.m */,
			);
			path = "UIView+JKImage";
			sourceTree = "<group>";
		};
		B8AA182D1CC776FE008D664E = {
			isa = PBXGroup;
			children = (
				B89B8AEC1CDB9EA00002E603 /* JKUtil */,
				B8AA18381CC776FE008D664E /* JKUtilDemo */,
				B8AA18521CC776FE008D664E /* JKUtilDemoTests */,
				B8AA185D1CC776FE008D664E /* JKUtilDemoUITests */,
				B8AA18371CC776FE008D664E /* Products */,
			);
			sourceTree = "<group>";
		};
		B8AA18371CC776FE008D664E /* Products */ = {
			isa = PBXGroup;
			children = (
				B8AA18361CC776FE008D664E /* JKUtilDemo.app */,
				B8AA184F1CC776FE008D664E /* JKUtilDemoTests.xctest */,
				B8AA185A1CC776FE008D664E /* JKUtilDemoUITests.xctest */,
			);
			name = Products;
			sourceTree = "<group>";
		};
		B8AA18381CC776FE008D664E /* JKUtilDemo */ = {
			isa = PBXGroup;
			children = (
				B8AA183C1CC776FE008D664E /* AppDelegate.h */,
				B8AA183D1CC776FE008D664E /* AppDelegate.m */,
				B8AA183F1CC776FE008D664E /* ViewController.h */,
				B8AA18401CC776FE008D664E /* ViewController.m */,
				B8AA18421CC776FE008D664E /* Main.storyboard */,
				B8AA18451CC776FE008D664E /* Assets.xcassets */,
				B8AA18471CC776FE008D664E /* LaunchScreen.storyboard */,
				B8AA184A1CC776FE008D664E /* Info.plist */,
				B8AA18391CC776FE008D664E /* Supporting Files */,
			);
			path = JKUtilDemo;
			sourceTree = "<group>";
		};
		B8AA18391CC776FE008D664E /* Supporting Files */ = {
			isa = PBXGroup;
			children = (
				B8AA183A1CC776FE008D664E /* main.m */,
			);
			name = "Supporting Files";
			sourceTree = "<group>";
		};
		B8AA18521CC776FE008D664E /* JKUtilDemoTests */ = {
			isa = PBXGroup;
			children = (
				B8AA18531CC776FE008D664E /* JKUtilDemoTests.m */,
				B8AA18551CC776FE008D664E /* Info.plist */,
			);
			path = JKUtilDemoTests;
			sourceTree = "<group>";
		};
		B8AA185D1CC776FE008D664E /* JKUtilDemoUITests */ = {
			isa = PBXGroup;
			children = (
				B8AA185E1CC776FE008D664E /* JKUtilDemoUITests.m */,
				B8AA18601CC776FE008D664E /* Info.plist */,
			);
			path = JKUtilDemoUITests;
			sourceTree = "<group>";
		};
		B8CDF21C1CE0EE900054AA25 /* JKCarouselView(轮播) */ = {
			isa = PBXGroup;
			children = (
				B8CDF21D1CE0EE900054AA25 /* JKCarouselView.h */,
				B8CDF21E1CE0EE900054AA25 /* JKCarouselView.m */,
			);
			path = "JKCarouselView(轮播)";
			sourceTree = "<group>";
		};
/* End PBXGroup section */

/* Begin PBXNativeTarget section */
		B8AA18351CC776FE008D664E /* JKUtilDemo */ = {
			isa = PBXNativeTarget;
			buildConfigurationList = B8AA18631CC776FE008D664E /* Build configuration list for PBXNativeTarget "JKUtilDemo" */;
			buildPhases = (
				B8AA18321CC776FE008D664E /* Sources */,
				B8AA18331CC776FE008D664E /* Frameworks */,
				B8AA18341CC776FE008D664E /* Resources */,
			);
			buildRules = (
			);
			dependencies = (
			);
			name = JKUtilDemo;
			productName = JKUtilDemo;
			productReference = B8AA18361CC776FE008D664E /* JKUtilDemo.app */;
			productType = "com.apple.product-type.application";
		};
		B8AA184E1CC776FE008D664E /* JKUtilDemoTests */ = {
			isa = PBXNativeTarget;
			buildConfigurationList = B8AA18661CC776FE008D664E /* Build configuration list for PBXNativeTarget "JKUtilDemoTests" */;
			buildPhases = (
				B8AA184B1CC776FE008D664E /* Sources */,
				B8AA184C1CC776FE008D664E /* Frameworks */,
				B8AA184D1CC776FE008D664E /* Resources */,
			);
			buildRules = (
			);
			dependencies = (
				B8AA18511CC776FE008D664E /* PBXTargetDependency */,
			);
			name = JKUtilDemoTests;
			productName = JKUtilDemoTests;
			productReference = B8AA184F1CC776FE008D664E /* JKUtilDemoTests.xctest */;
			productType = "com.apple.product-type.bundle.unit-test";
		};
		B8AA18591CC776FE008D664E /* JKUtilDemoUITests */ = {
			isa = PBXNativeTarget;
			buildConfigurationList = B8AA18691CC776FE008D664E /* Build configuration list for PBXNativeTarget "JKUtilDemoUITests" */;
			buildPhases = (
				B8AA18561CC776FE008D664E /* Sources */,
				B8AA18571CC776FE008D664E /* Frameworks */,
				B8AA18581CC776FE008D664E /* Resources */,
			);
			buildRules = (
			);
			dependencies = (
				B8AA185C1CC776FE008D664E /* PBXTargetDependency */,
			);
			name = JKUtilDemoUITests;
			productName = JKUtilDemoUITests;
			productReference = B8AA185A1CC776FE008D664E /* JKUtilDemoUITests.xctest */;
			productType = "com.apple.product-type.bundle.ui-testing";
		};
/* End PBXNativeTarget section */

/* Begin PBXProject section */
		B8AA182E1CC776FE008D664E /* Project object */ = {
			isa = PBXProject;
			attributes = {
				LastUpgradeCheck = 0730;
				ORGANIZATIONNAME = Emerys;
				TargetAttributes = {
					B8AA18351CC776FE008D664E = {
						CreatedOnToolsVersion = 7.3;
					};
					B8AA184E1CC776FE008D664E = {
						CreatedOnToolsVersion = 7.3;
						TestTargetID = B8AA18351CC776FE008D664E;
					};
					B8AA18591CC776FE008D664E = {
						CreatedOnToolsVersion = 7.3;
						TestTargetID = B8AA18351CC776FE008D664E;
					};
				};
			};
			buildConfigurationList = B8AA18311CC776FE008D664E /* Build configuration list for PBXProject "JKUtilDemo" */;
			compatibilityVersion = "Xcode 3.2";
			developmentRegion = English;
			hasScannedForEncodings = 0;
			knownRegions = (
				en,
				Base,
			);
			mainGroup = B8AA182D1CC776FE008D664E;
			productRefGroup = B8AA18371CC776FE008D664E /* Products */;
			projectDirPath = "";
			projectRoot = "";
			targets = (
				B8AA18351CC776FE008D664E /* JKUtilDemo */,
				B8AA184E1CC776FE008D664E /* JKUtilDemoTests */,
				B8AA18591CC776FE008D664E /* JKUtilDemoUITests */,
			);
		};
/* End PBXProject section */

/* Begin PBXResourcesBuildPhase section */
		B8AA18341CC776FE008D664E /* Resources */ = {
			isa = PBXResourcesBuildPhase;
			buildActionMask = 2147483647;
			files = (
				B8AA18491CC776FE008D664E /* LaunchScreen.storyboard in Resources */,
				B8AA18461CC776FE008D664E /* Assets.xcassets in Resources */,
				B89B8B2E1CDB9EA00002E603 /* pause.png in Resources */,
				B89B8B2D1CDB9EA00002E603 /* next.png in Resources */,
				B8AA18441CC776FE008D664E /* Main.storyboard in Resources */,
				B89B8B2F1CDB9EA00002E603 /* play.png in Resources */,
				B89B8B301CDB9EA00002E603 /* thum.png in Resources */,
			);
			runOnlyForDeploymentPostprocessing = 0;
		};
		B8AA184D1CC776FE008D664E /* Resources */ = {
			isa = PBXResourcesBuildPhase;
			buildActionMask = 2147483647;
			files = (
			);
			runOnlyForDeploymentPostprocessing = 0;
		};
		B8AA18581CC776FE008D664E /* Resources */ = {
			isa = PBXResourcesBuildPhase;
			buildActionMask = 2147483647;
			files = (
			);
			runOnlyForDeploymentPostprocessing = 0;
		};
/* End PBXResourcesBuildPhase section */

/* Begin PBXSourcesBuildPhase section */
		B8AA18321CC776FE008D664E /* Sources */ = {
			isa = PBXSourcesBuildPhase;
			buildActionMask = 2147483647;
			files = (
				B89B8B361CDB9EA00002E603 /* UIImage+GIF.m in Sources */,
				B83981681CDF0926008A0808 /* NSObject+JKKVCExtension.m in Sources */,
				B89B8B331CDB9EA00002E603 /* NSString+JKStringSize.m in Sources */,
				B8AA18411CC776FE008D664E /* ViewController.m in Sources */,
				B8CDF21F1CE0EE900054AA25 /* JKCarouselView.m in Sources */,
				B89B8B341CDB9EA00002E603 /* UIColor+JK_HEX.m in Sources */,
				B8AA183E1CC776FE008D664E /* AppDelegate.m in Sources */,
				B89B8B371CDB9EA00002E603 /* UIImage+JKSize.m in Sources */,
				B89B8B381CDB9EA00002E603 /* UITableView+JK.m in Sources */,
				B89B8B391CDB9EA00002E603 /* UIView+JKImage.m in Sources */,
				B89B8B311CDB9EA00002E603 /* JKShapeImage.m in Sources */,
				B89B8B291CDB9EA00002E603 /* JKCacheSlider.m in Sources */,
				B8AA183B1CC776FE008D664E /* main.m in Sources */,
				B89B8B2A1CDB9EA00002E603 /* JKGifView.m in Sources */,
				B83981671CDF0926008A0808 /* NSObject+JKCoder.m in Sources */,
				B89B8B2B1CDB9EA00002E603 /* JKBackButton.m in Sources */,
				B89B8B351CDB9EA00002E603 /* UIImage+ColorImage.m in Sources */,
				B89B8B321CDB9EA00002E603 /* NSData+JKImageType.m in Sources */,
				B89B8B2C1CDB9EA00002E603 /* JKMoviePlayerPortraitViewController.m in Sources */,
			);
			runOnlyForDeploymentPostprocessing = 0;
		};
		B8AA184B1CC776FE008D664E /* Sources */ = {
			isa = PBXSourcesBuildPhase;
			buildActionMask = 2147483647;
			files = (
				B8AA18541CC776FE008D664E /* JKUtilDemoTests.m in Sources */,
			);
			runOnlyForDeploymentPostprocessing = 0;
		};
		B8AA18561CC776FE008D664E /* Sources */ = {
			isa = PBXSourcesBuildPhase;
			buildActionMask = 2147483647;
			files = (
				B8AA185F1CC776FE008D664E /* JKUtilDemoUITests.m in Sources */,
			);
			runOnlyForDeploymentPostprocessing = 0;
		};
/* End PBXSourcesBuildPhase section */

/* Begin PBXTargetDependency section */
		B8AA18511CC776FE008D664E /* PBXTargetDependency */ = {
			isa = PBXTargetDependency;
			target = B8AA18351CC776FE008D664E /* JKUtilDemo */;
			targetProxy = B8AA18501CC776FE008D664E /* PBXContainerItemProxy */;
		};
		B8AA185C1CC776FE008D664E /* PBXTargetDependency */ = {
			isa = PBXTargetDependency;
			target = B8AA18351CC776FE008D664E /* JKUtilDemo */;
			targetProxy = B8AA185B1CC776FE008D664E /* PBXContainerItemProxy */;
		};
/* End PBXTargetDependency section */

/* Begin PBXVariantGroup section */
		B8AA18421CC776FE008D664E /* Main.storyboard */ = {
			isa = PBXVariantGroup;
			children = (
				B8AA18431CC776FE008D664E /* Base */,
			);
			name = Main.storyboard;
			sourceTree = "<group>";
		};
		B8AA18471CC776FE008D664E /* LaunchScreen.storyboard */ = {
			isa = PBXVariantGroup;
			children = (
				B8AA18481CC776FE008D664E /* Base */,
			);
			name = LaunchScreen.storyboard;
			sourceTree = "<group>";
		};
/* End PBXVariantGroup section */

/* Begin XCBuildConfiguration section */
		B8AA18611CC776FE008D664E /* Debug */ = {
			isa = XCBuildConfiguration;
			buildSettings = {
				ALWAYS_SEARCH_USER_PATHS = NO;
				CLANG_ANALYZER_NONNULL = YES;
				CLANG_CXX_LANGUAGE_STANDARD = "gnu++0x";
				CLANG_CXX_LIBRARY = "libc++";
				CLANG_ENABLE_MODULES = YES;
				CLANG_ENABLE_OBJC_ARC = YES;
				CLANG_WARN_BOOL_CONVERSION = YES;
				CLANG_WARN_CONSTANT_CONVERSION = YES;
				CLANG_WARN_DIRECT_OBJC_ISA_USAGE = YES_ERROR;
				CLANG_WARN_EMPTY_BODY = YES;
				CLANG_WARN_ENUM_CONVERSION = YES;
				CLANG_WARN_INT_CONVERSION = YES;
				CLANG_WARN_OBJC_ROOT_CLASS = YES_ERROR;
				CLANG_WARN_UNREACHABLE_CODE = YES;
				CLANG_WARN__DUPLICATE_METHOD_MATCH = YES;
				"CODE_SIGN_IDENTITY[sdk=iphoneos*]" = "iPhone Developer";
				COPY_PHASE_STRIP = NO;
				DEBUG_INFORMATION_FORMAT = dwarf;
				ENABLE_STRICT_OBJC_MSGSEND = YES;
				ENABLE_TESTABILITY = YES;
				GCC_C_LANGUAGE_STANDARD = gnu99;
				GCC_DYNAMIC_NO_PIC = NO;
				GCC_NO_COMMON_BLOCKS = YES;
				GCC_OPTIMIZATION_LEVEL = 0;
				GCC_PREPROCESSOR_DEFINITIONS = (
					"DEBUG=1",
					"$(inherited)",
				);
				GCC_WARN_64_TO_32_BIT_CONVERSION = YES;
				GCC_WARN_ABOUT_RETURN_TYPE = YES_ERROR;
				GCC_WARN_UNDECLARED_SELECTOR = YES;
				GCC_WARN_UNINITIALIZED_AUTOS = YES_AGGRESSIVE;
				GCC_WARN_UNUSED_FUNCTION = YES;
				GCC_WARN_UNUSED_VARIABLE = YES;
				IPHONEOS_DEPLOYMENT_TARGET = 9.3;
				MTL_ENABLE_DEBUG_INFO = YES;
				ONLY_ACTIVE_ARCH = YES;
				SDKROOT = iphoneos;
			};
			name = Debug;
		};
		B8AA18621CC776FE008D664E /* Release */ = {
			isa = XCBuildConfiguration;
			buildSettings = {
				ALWAYS_SEARCH_USER_PATHS = NO;
				CLANG_ANALYZER_NONNULL = YES;
				CLANG_CXX_LANGUAGE_STANDARD = "gnu++0x";
				CLANG_CXX_LIBRARY = "libc++";
				CLANG_ENABLE_MODULES = YES;
				CLANG_ENABLE_OBJC_ARC = YES;
				CLANG_WARN_BOOL_CONVERSION = YES;
				CLANG_WARN_CONSTANT_CONVERSION = YES;
				CLANG_WARN_DIRECT_OBJC_ISA_USAGE = YES_ERROR;
				CLANG_WARN_EMPTY_BODY = YES;
				CLANG_WARN_ENUM_CONVERSION = YES;
				CLANG_WARN_INT_CONVERSION = YES;
				CLANG_WARN_OBJC_ROOT_CLASS = YES_ERROR;
				CLANG_WARN_UNREACHABLE_CODE = YES;
				CLANG_WARN__DUPLICATE_METHOD_MATCH = YES;
				"CODE_SIGN_IDENTITY[sdk=iphoneos*]" = "iPhone Developer";
				COPY_PHASE_STRIP = NO;
				DEBUG_INFORMATION_FORMAT = "dwarf-with-dsym";
				ENABLE_NS_ASSERTIONS = NO;
				ENABLE_STRICT_OBJC_MSGSEND = YES;
				GCC_C_LANGUAGE_STANDARD = gnu99;
				GCC_NO_COMMON_BLOCKS = YES;
				GCC_WARN_64_TO_32_BIT_CONVERSION = YES;
				GCC_WARN_ABOUT_RETURN_TYPE = YES_ERROR;
				GCC_WARN_UNDECLARED_SELECTOR = YES;
				GCC_WARN_UNINITIALIZED_AUTOS = YES_AGGRESSIVE;
				GCC_WARN_UNUSED_FUNCTION = YES;
				GCC_WARN_UNUSED_VARIABLE = YES;
				IPHONEOS_DEPLOYMENT_TARGET = 9.3;
				MTL_ENABLE_DEBUG_INFO = NO;
				SDKROOT = iphoneos;
				VALIDATE_PRODUCT = YES;
			};
			name = Release;
		};
		B8AA18641CC776FE008D664E /* Debug */ = {
			isa = XCBuildConfiguration;
			buildSettings = {
				ASSETCATALOG_COMPILER_APPICON_NAME = AppIcon;
				FRAMEWORK_SEARCH_PATHS = (
					"$(inherited)",
					"$(PROJECT_DIR)/JKUitl/BaseClass/高德定位地图/framework",
				);
				INFOPLIST_FILE = JKUtilDemo/Info.plist;
				LD_RUNPATH_SEARCH_PATHS = "$(inherited) @executable_path/Frameworks";
				PRODUCT_BUNDLE_IDENTIFIER = net.buakawlee.www.JKUtilDemo;
				PRODUCT_NAME = "$(TARGET_NAME)";
			};
			name = Debug;
		};
		B8AA18651CC776FE008D664E /* Release */ = {
			isa = XCBuildConfiguration;
			buildSettings = {
				ASSETCATALOG_COMPILER_APPICON_NAME = AppIcon;
				FRAMEWORK_SEARCH_PATHS = (
					"$(inherited)",
					"$(PROJECT_DIR)/JKUitl/BaseClass/高德定位地图/framework",
				);
				INFOPLIST_FILE = JKUtilDemo/Info.plist;
				LD_RUNPATH_SEARCH_PATHS = "$(inherited) @executable_path/Frameworks";
				PRODUCT_BUNDLE_IDENTIFIER = net.buakawlee.www.JKUtilDemo;
				PRODUCT_NAME = "$(TARGET_NAME)";
			};
			name = Release;
		};
		B8AA18671CC776FE008D664E /* Debug */ = {
			isa = XCBuildConfiguration;
			buildSettings = {
				BUNDLE_LOADER = "$(TEST_HOST)";
				INFOPLIST_FILE = JKUtilDemoTests/Info.plist;
				LD_RUNPATH_SEARCH_PATHS = "$(inherited) @executable_path/Frameworks @loader_path/Frameworks";
				PRODUCT_BUNDLE_IDENTIFIER = net.buakawlee.www.JKUtilDemoTests;
				PRODUCT_NAME = "$(TARGET_NAME)";
				TEST_HOST = "$(BUILT_PRODUCTS_DIR)/JKUtilDemo.app/JKUtilDemo";
			};
			name = Debug;
		};
		B8AA18681CC776FE008D664E /* Release */ = {
			isa = XCBuildConfiguration;
			buildSettings = {
				BUNDLE_LOADER = "$(TEST_HOST)";
				INFOPLIST_FILE = JKUtilDemoTests/Info.plist;
				LD_RUNPATH_SEARCH_PATHS = "$(inherited) @executable_path/Frameworks @loader_path/Frameworks";
				PRODUCT_BUNDLE_IDENTIFIER = net.buakawlee.www.JKUtilDemoTests;
				PRODUCT_NAME = "$(TARGET_NAME)";
				TEST_HOST = "$(BUILT_PRODUCTS_DIR)/JKUtilDemo.app/JKUtilDemo";
			};
			name = Release;
		};
		B8AA186A1CC776FE008D664E /* Debug */ = {
			isa = XCBuildConfiguration;
			buildSettings = {
				INFOPLIST_FILE = JKUtilDemoUITests/Info.plist;
				LD_RUNPATH_SEARCH_PATHS = "$(inherited) @executable_path/Frameworks @loader_path/Frameworks";
				PRODUCT_BUNDLE_IDENTIFIER = net.buakawlee.www.JKUtilDemoUITests;
				PRODUCT_NAME = "$(TARGET_NAME)";
				TEST_TARGET_NAME = JKUtilDemo;
			};
			name = Debug;
		};
		B8AA186B1CC776FE008D664E /* Release */ = {
			isa = XCBuildConfiguration;
			buildSettings = {
				INFOPLIST_FILE = JKUtilDemoUITests/Info.plist;
				LD_RUNPATH_SEARCH_PATHS = "$(inherited) @executable_path/Frameworks @loader_path/Frameworks";
				PRODUCT_BUNDLE_IDENTIFIER = net.buakawlee.www.JKUtilDemoUITests;
				PRODUCT_NAME = "$(TARGET_NAME)";
				TEST_TARGET_NAME = JKUtilDemo;
			};
			name = Release;
		};
/* End XCBuildConfiguration section */

/* Begin XCConfigurationList section */
		B8AA18311CC776FE008D664E /* Build configuration list for PBXProject "JKUtilDemo" */ = {
			isa = XCConfigurationList;
			buildConfigurations = (
				B8AA18611CC776FE008D664E /* Debug */,
				B8AA18621CC776FE008D664E /* Release */,
			);
			defaultConfigurationIsVisible = 0;
			defaultConfigurationName = Release;
		};
		B8AA18631CC776FE008D664E /* Build configuration list for PBXNativeTarget "JKUtilDemo" */ = {
			isa = XCConfigurationList;
			buildConfigurations = (
				B8AA18641CC776FE008D664E /* Debug */,
				B8AA18651CC776FE008D664E /* Release */,
			);
			defaultConfigurationIsVisible = 0;
			defaultConfigurationName = Release;
		};
		B8AA18661CC776FE008D664E /* Build configuration list for PBXNativeTarget "JKUtilDemoTests" */ = {
			isa = XCConfigurationList;
			buildConfigurations = (
				B8AA18671CC776FE008D664E /* Debug */,
				B8AA18681CC776FE008D664E /* Release */,
			);
			defaultConfigurationIsVisible = 0;
			defaultConfigurationName = Release;
		};
		B8AA18691CC776FE008D664E /* Build configuration list for PBXNativeTarget "JKUtilDemoUITests" */ = {
			isa = XCConfigurationList;
			buildConfigurations = (
				B8AA186A1CC776FE008D664E /* Debug */,
				B8AA186B1CC776FE008D664E /* Release */,
			);
			defaultConfigurationIsVisible = 0;
			defaultConfigurationName = Release;
		};
/* End XCConfigurationList section */
	};
	rootObject = B8AA182E1CC776FE008D664E /* Project object */;
}
